<?xml version="1.0" encoding="utf-8"?>
<Project ToolsVersion="4.0" xmlns="http://schemas.microsoft.com/developer/msbuild/2003">
  <ItemGroup>
    <ClCompile Include="unit.cpp">
      <Filter>Logic\Objects</Filter>
    </ClCompile>
    <ClCompile Include="main.cpp">
      <Filter>Logic</Filter>
    </ClCompile>
    <ClCompile Include="troop.cpp">
      <Filter>Logic\Objects</Filter>
    </ClCompile>
    <ClCompile Include="player.cpp">
      <Filter>Logic\Objects</Filter>
    </ClCompile>
    <ClCompile Include="province.cpp">
      <Filter>Logic\Objects</Filter>
    </ClCompile>
    <ClCompile Include="amem.cpp">
      <Filter>Database</Filter>
    </ClCompile>
    <ClCompile Include="collection.cpp">
      <Filter>Database</Filter>
    </ClCompile>
    <ClCompile Include="hero.cpp">
      <Filter>Logic\Objects</Filter>
    </ClCompile>
    <ClCompile Include="trait.cpp">
      <Filter>Logic\Objects</Filter>
    </ClCompile>
    <ClCompile Include="enchantment.cpp">
      <Filter>Logic\Objects</Filter>
    </ClCompile>
    <ClCompile Include="active_enchantment.cpp">
      <Filter>Logic\Objects</Filter>
    </ClCompile>
    <ClCompile Include="gobject.cpp">
      <Filter>Database</Filter>
    </ClCompile>
    <ClCompile Include="bsdata.cpp">
      <Filter>Database</Filter>
    </ClCompile>
    <ClCompile Include="bsreq.cpp">
      <Filter>Database</Filter>
    </ClCompile>
    <ClCompile Include="crt.cpp">
      <Filter>System</Filter>
    </ClCompile>
    <ClCompile Include="crt_memory.cpp">
      <Filter>System</Filter>
    </ClCompile>
    <ClCompile Include="crt_parse.cpp">
      <Filter>System</Filter>
    </ClCompile>
    <ClCompile Include="bsparse.cpp">
      <Filter>Database</Filter>
    </ClCompile>
    <ClCompile Include="io.cpp">
      <Filter>System</Filter>
    </ClCompile>
    <ClCompile Include="win_io_file.cpp">
      <Filter>Platform</Filter>
    </ClCompile>
    <ClCompile Include="stringcreator.cpp">
      <Filter>System</Filter>
    </ClCompile>
    <ClCompile Include="szdup.cpp">
      <Filter>System</Filter>
    </ClCompile>
    <ClCompile Include="win_draw_dlg.cpp">
      <Filter>Platform</Filter>
    </ClCompile>
    <ClCompile Include="view.cpp">
      <Filter>View</Filter>
    </ClCompile>
    <ClCompile Include="messages.cpp">
      <Filter>View</Filter>
    </ClCompile>
    <ClCompile Include="bscpp.cpp">
      <Filter>Database</Filter>
    </ClCompile>
    <ClCompile Include="combat.cpp">
      <Filter>Logic</Filter>
    </ClCompile>
    <ClCompile Include="print.cpp">
      <Filter>Logic</Filter>
    </ClCompile>
    <ClCompile Include="tactic.cpp">
      <Filter>Logic\Objects</Filter>
    </ClCompile>
    <ClCompile Include="game.cpp">
      <Filter>Logic</Filter>
    </ClCompile>
    <ClCompile Include="win_draw.cpp">
      <Filter>Platform</Filter>
    </ClCompile>
    <ClCompile Include="point.cpp">
      <Filter>System</Filter>
    </ClCompile>
    <ClCompile Include="point_type.cpp">
      <Filter>System</Filter>
    </ClCompile>
    <ClCompile Include="draw_text.cpp">
      <Filter>View</Filter>
    </ClCompile>
    <ClCompile Include="draw_textf.cpp">
      <Filter>View</Filter>
    </ClCompile>
    <ClCompile Include="pma.cpp">
      <Filter>View</Filter>
    </ClCompile>
    <ClCompile Include="sprite.cpp">
      <Filter>View</Filter>
    </ClCompile>
    <ClCompile Include="draw.cpp">
      <Filter>View</Filter>
    </ClCompile>
    <ClCompile Include="bitops.cpp">
      <Filter>View</Filter>
    </ClCompile>
    <ClCompile Include="command.cpp">
      <Filter>System</Filter>
    </ClCompile>
    <ClCompile Include="color.cpp">
      <Filter>System</Filter>
    </ClCompile>
    <ClCompile Include="surface.cpp">
      <Filter>View</Filter>
    </ClCompile>
    <ClCompile Include="draw_input.cpp">
      <Filter>View</Filter>
    </ClCompile>
  </ItemGroup>
  <ItemGroup>
    <Filter Include="Database">
      <UniqueIdentifier>{e8b33c78-f7d6-4423-8b6f-6d4bef2b62f9}</UniqueIdentifier>
    </Filter>
    <Filter Include="System">
      <UniqueIdentifier>{890dc64e-2963-4068-9497-7b7b3083ed0c}</UniqueIdentifier>
    </Filter>
    <Filter Include="Platform">
      <UniqueIdentifier>{097d753a-29fe-4c21-8ce1-b2f7a3700500}</UniqueIdentifier>
    </Filter>
    <Filter Include="View">
      <UniqueIdentifier>{4c321217-a9f4-4e62-8a25-4eb88de21ed3}</UniqueIdentifier>
    </Filter>
    <Filter Include="Logic">
      <UniqueIdentifier>{09380389-9940-45dc-990a-03db9b2c0c4c}</UniqueIdentifier>
    </Filter>
    <Filter Include="Logic\Objects">
      <UniqueIdentifier>{0cb3dfe6-1fd9-4303-bcda-86396b1e5f8e}</UniqueIdentifier>
    </Filter>
    <Filter Include="Logic\Script">
      <UniqueIdentifier>{ed49c791-00b8-4f6d-8e48-b478827a7b92}</UniqueIdentifier>
    </Filter>
  </ItemGroup>
  <ItemGroup>
    <ClInclude Include="main.h">
      <Filter>Logic</Filter>
    </ClInclude>
    <ClInclude Include="amem.h">
      <Filter>Database</Filter>
    </ClInclude>
    <ClInclude Include="collection.h">
      <Filter>Database</Filter>
    </ClInclude>
    <ClInclude Include="acol.h">
      <Filter>Database</Filter>
    </ClInclude>
    <ClInclude Include="adat.h">
      <Filter>Database</Filter>
    </ClInclude>
    <ClInclude Include="aref.h">
      <Filter>Database</Filter>
    </ClInclude>
    <ClInclude Include="bsdata.h">
      <Filter>Database</Filter>
    </ClInclude>
    <ClInclude Include="bsreq.h">
      <Filter>Database</Filter>
    </ClInclude>
    <ClInclude Include="crt.h">
      <Filter>System</Filter>
    </ClInclude>
    <ClInclude Include="bsparse.h">
      <Filter>Database</Filter>
    </ClInclude>
    <ClInclude Include="io.h">
      <Filter>System</Filter>
    </ClInclude>
    <ClInclude Include="win.h">
      <Filter>Platform</Filter>
    </ClInclude>
    <ClInclude Include="stringcreator.h">
      <Filter>System</Filter>
    </ClInclude>
    <ClInclude Include="messages.h">
      <Filter>View</Filter>
    </ClInclude>
    <ClInclude Include="draw.h">
      <Filter>View</Filter>
    </ClInclude>
    <ClInclude Include="point.h">
      <Filter>System</Filter>
    </ClInclude>
    <ClInclude Include="rect.h">
      <Filter>System</Filter>
    </ClInclude>
    <ClInclude Include="stringid.h">
      <Filter>System</Filter>
    </ClInclude>
    <ClInclude Include="pma.h">
      <Filter>View</Filter>
    </ClInclude>
    <ClInclude Include="sprite.h">
      <Filter>View</Filter>
    </ClInclude>
    <ClInclude Include="bitops.h">
      <Filter>View</Filter>
    </ClInclude>
    <ClInclude Include="command.h">
      <Filter>System</Filter>
    </ClInclude>
    <ClInclude Include="surface.h">
      <Filter>View</Filter>
    </ClInclude>
    <ClInclude Include="view.h">
      <Filter>View</Filter>
    </ClInclude>
  </ItemGroup>
  <ItemGroup>
    <Text Include="..\script\msgmenu.txt">
      <Filter>Logic\Script</Filter>
    </Text>
    <Text Include="..\script\msgcombat.txt">
      <Filter>Logic\Script</Filter>
    </Text>
    <Text Include="..\script\test.txt">
      <Filter>Logic\Script</Filter>
    </Text>
  </ItemGroup>
</Project>