<?xml version="1.0" encoding="utf-8"?>
<Project ToolsVersion="4.0" xmlns="http://schemas.microsoft.com/developer/msbuild/2003">
  <ItemGroup>
    <ClCompile Include="unit.cpp">
      <Filter>Objects</Filter>
    </ClCompile>
    <ClCompile Include="main.cpp">
      <Filter>Support</Filter>
    </ClCompile>
    <ClCompile Include="troop.cpp">
      <Filter>Objects</Filter>
    </ClCompile>
    <ClCompile Include="player.cpp">
      <Filter>Objects</Filter>
    </ClCompile>
    <ClCompile Include="province.cpp">
      <Filter>Objects</Filter>
    </ClCompile>
    <ClCompile Include="amem.cpp">
      <Filter>Database</Filter>
    </ClCompile>
    <ClCompile Include="collection.cpp">
      <Filter>Database</Filter>
    </ClCompile>
    <ClCompile Include="hero.cpp">
      <Filter>Objects</Filter>
    </ClCompile>
    <ClCompile Include="trait.cpp">
      <Filter>Objects</Filter>
    </ClCompile>
    <ClCompile Include="enchantment.cpp">
      <Filter>Objects</Filter>
    </ClCompile>
    <ClCompile Include="active_enchantment.cpp">
      <Filter>Objects</Filter>
    </ClCompile>
    <ClCompile Include="gobject.cpp">
      <Filter>Database</Filter>
    </ClCompile>
    <ClCompile Include="combat.cpp">
      <Filter>Objects</Filter>
    </ClCompile>
    <ClCompile Include="bsdata.cpp">
      <Filter>Database</Filter>
    </ClCompile>
    <ClCompile Include="bsreq.cpp">
      <Filter>Database</Filter>
    </ClCompile>
    <ClCompile Include="crt.cpp">
      <Filter>System</Filter>
    </ClCompile>
    <ClCompile Include="crt_memory.cpp">
      <Filter>System</Filter>
    </ClCompile>
    <ClCompile Include="crt_parse.cpp">
      <Filter>System</Filter>
    </ClCompile>
  </ItemGroup>
  <ItemGroup>
    <Filter Include="Objects">
      <UniqueIdentifier>{0cb3dfe6-1fd9-4303-bcda-86396b1e5f8e}</UniqueIdentifier>
    </Filter>
    <Filter Include="Support">
      <UniqueIdentifier>{09380389-9940-45dc-990a-03db9b2c0c4c}</UniqueIdentifier>
    </Filter>
    <Filter Include="Database">
      <UniqueIdentifier>{e8b33c78-f7d6-4423-8b6f-6d4bef2b62f9}</UniqueIdentifier>
    </Filter>
    <Filter Include="System">
      <UniqueIdentifier>{890dc64e-2963-4068-9497-7b7b3083ed0c}</UniqueIdentifier>
    </Filter>
  </ItemGroup>
  <ItemGroup>
    <ClInclude Include="main.h">
      <Filter>Support</Filter>
    </ClInclude>
    <ClInclude Include="amem.h">
      <Filter>Database</Filter>
    </ClInclude>
    <ClInclude Include="collection.h">
      <Filter>Database</Filter>
    </ClInclude>
    <ClInclude Include="acol.h">
      <Filter>Database</Filter>
    </ClInclude>
    <ClInclude Include="adat.h">
      <Filter>Database</Filter>
    </ClInclude>
    <ClInclude Include="aref.h">
      <Filter>Database</Filter>
    </ClInclude>
    <ClInclude Include="bsdata.h">
      <Filter>Database</Filter>
    </ClInclude>
    <ClInclude Include="bsreq.h">
      <Filter>Database</Filter>
    </ClInclude>
    <ClInclude Include="crt.h">
      <Filter>System</Filter>
    </ClInclude>
  </ItemGroup>
</Project>